// !$*UTF8*$!
{
	archiveVersion = 1;
	classes = {
	};
	objectVersion = 46;
	objects = {

/* Begin PBXBuildFile section */
		52A3E6DA1B088B9D00B39606 /* main.m in Sources */ = {isa = PBXBuildFile; fileRef = 52A3E6D91B088B9D00B39606 /* main.m */; };
		52A3E6DD1B088B9D00B39606 /* AppDelegate.m in Sources */ = {isa = PBXBuildFile; fileRef = 52A3E6DC1B088B9D00B39606 /* AppDelegate.m */; };
		52A3E6E01B088B9D00B39606 /* ViewController.m in Sources */ = {isa = PBXBuildFile; fileRef = 52A3E6DF1B088B9D00B39606 /* ViewController.m */; };
		52A3E6E31B088B9D00B39606 /* Main.storyboard in Resources */ = {isa = PBXBuildFile; fileRef = 52A3E6E11B088B9D00B39606 /* Main.storyboard */; };
		52A3E6E51B088B9D00B39606 /* Images.xcassets in Resources */ = {isa = PBXBuildFile; fileRef = 52A3E6E41B088B9D00B39606 /* Images.xcassets */; };
		52A3E6E81B088B9D00B39606 /* LaunchScreen.xib in Resources */ = {isa = PBXBuildFile; fileRef = 52A3E6E61B088B9D00B39606 /* LaunchScreen.xib */; };
		52A3E6F41B088B9D00B39606 /* JBTableViewTests.m in Sources */ = {isa = PBXBuildFile; fileRef = 52A3E6F31B088B9D00B39606 /* JBTableViewTests.m */; };
		52A3E7061B088C8B00B39606 /* JBSupplementaryView.m in Sources */ = {isa = PBXBuildFile; fileRef = 52A3E7051B088C8B00B39606 /* JBSupplementaryView.m */; };
		52A3E7091B088D5F00B39606 /* JBTableView.m in Sources */ = {isa = PBXBuildFile; fileRef = 52A3E7081B088D5F00B39606 /* JBTableView.m */; };
/* End PBXBuildFile section */

/* Begin PBXContainerItemProxy section */
		52A3E6EE1B088B9D00B39606 /* PBXContainerItemProxy */ = {
			isa = PBXContainerItemProxy;
			containerPortal = 52A3E6CC1B088B9C00B39606 /* Project object */;
			proxyType = 1;
			remoteGlobalIDString = 52A3E6D31B088B9C00B39606;
			remoteInfo = JBTableView;
		};
/* End PBXContainerItemProxy section */

/* Begin PBXFileReference section */
		52A3E6D41B088B9C00B39606 /* JBTableView.app */ = {isa = PBXFileReference; explicitFileType = wrapper.application; includeInIndex = 0; path = JBTableView.app; sourceTree = BUILT_PRODUCTS_DIR; };
		52A3E6D81B088B9D00B39606 /* Info.plist */ = {isa = PBXFileReference; lastKnownFileType = text.plist.xml; path = Info.plist; sourceTree = "<group>"; };
		52A3E6D91B088B9D00B39606 /* main.m */ = {isa = PBXFileReference; lastKnownFileType = sourcecode.c.objc; path = main.m; sourceTree = "<group>"; };
		52A3E6DB1B088B9D00B39606 /* AppDelegate.h */ = {isa = PBXFileReference; lastKnownFileType = sourcecode.c.h; path = AppDelegate.h; sourceTree = "<group>"; };
		52A3E6DC1B088B9D00B39606 /* AppDelegate.m */ = {isa = PBXFileReference; lastKnownFileType = sourcecode.c.objc; path = AppDelegate.m; sourceTree = "<group>"; };
		52A3E6DE1B088B9D00B39606 /* ViewController.h */ = {isa = PBXFileReference; lastKnownFileType = sourcecode.c.h; path = ViewController.h; sourceTree = "<group>"; };
		52A3E6DF1B088B9D00B39606 /* ViewController.m */ = {isa = PBXFileReference; lastKnownFileType = sourcecode.c.objc; path = ViewController.m; sourceTree = "<group>"; };
		52A3E6E21B088B9D00B39606 /* Base */ = {isa = PBXFileReference; lastKnownFileType = file.storyboard; name = Base; path = Base.lproj/Main.storyboard; sourceTree = "<group>"; };
		52A3E6E41B088B9D00B39606 /* Images.xcassets */ = {isa = PBXFileReference; lastKnownFileType = folder.assetcatalog; path = Images.xcassets; sourceTree = "<group>"; };
		52A3E6E71B088B9D00B39606 /* Base */ = {isa = PBXFileReference; lastKnownFileType = file.xib; name = Base; path = Base.lproj/LaunchScreen.xib; sourceTree = "<group>"; };
		52A3E6ED1B088B9D00B39606 /* JBTableViewTests.xctest */ = {isa = PBXFileReference; explicitFileType = wrapper.cfbundle; includeInIndex = 0; path = JBTableViewTests.xctest; sourceTree = BUILT_PRODUCTS_DIR; };
		52A3E6F21B088B9D00B39606 /* Info.plist */ = {isa = PBXFileReference; lastKnownFileType = text.plist.xml; path = Info.plist; sourceTree = "<group>"; };
		52A3E6F31B088B9D00B39606 /* JBTableViewTests.m */ = {isa = PBXFileReference; lastKnownFileType = sourcecode.c.objc; path = JBTableViewTests.m; sourceTree = "<group>"; };
		52A3E7041B088C8B00B39606 /* JBSupplementaryView.h */ = {isa = PBXFileReference; fileEncoding = 4; lastKnownFileType = sourcecode.c.h; path = JBSupplementaryView.h; sourceTree = "<group>"; };
		52A3E7051B088C8B00B39606 /* JBSupplementaryView.m */ = {isa = PBXFileReference; fileEncoding = 4; lastKnownFileType = sourcecode.c.objc; path = JBSupplementaryView.m; sourceTree = "<group>"; };
		52A3E7071B088D5F00B39606 /* JBTableView.h */ = {isa = PBXFileReference; fileEncoding = 4; lastKnownFileType = sourcecode.c.h; path = JBTableView.h; sourceTree = "<group>"; };
		52A3E7081B088D5F00B39606 /* JBTableView.m */ = {isa = PBXFileReference; fileEncoding = 4; lastKnownFileType = sourcecode.c.objc; path = JBTableView.m; sourceTree = "<group>"; };
/* End PBXFileReference section */

/* Begin PBXFrameworksBuildPhase section */
		52A3E6D11B088B9C00B39606 /* Frameworks */ = {
			isa = PBXFrameworksBuildPhase;
			buildActionMask = 2147483647;
			files = (
			);
			runOnlyForDeploymentPostprocessing = 0;
		};
		52A3E6EA1B088B9D00B39606 /* Frameworks */ = {
			isa = PBXFrameworksBuildPhase;
			buildActionMask = 2147483647;
			files = (
			);
			runOnlyForDeploymentPostprocessing = 0;
		};
/* End PBXFrameworksBuildPhase section */

/* Begin PBXGroup section */
		52A3E6CB1B088B9C00B39606 = {
			isa = PBXGroup;
			children = (
				52A3E6D61B088B9C00B39606 /* JBTableView */,
				52A3E6F01B088B9D00B39606 /* JBTableViewTests */,
				52A3E6D51B088B9C00B39606 /* Products */,
			);
			sourceTree = "<group>";
		};
		52A3E6D51B088B9C00B39606 /* Products */ = {
			isa = PBXGroup;
			children = (
				52A3E6D41B088B9C00B39606 /* JBTableView.app */,
				52A3E6ED1B088B9D00B39606 /* JBTableViewTests.xctest */,
			);
			name = Products;
			sourceTree = "<group>";
		};
		52A3E6D61B088B9C00B39606 /* JBTableView */ = {
			isa = PBXGroup;
			children = (
				52A3E6DB1B088B9D00B39606 /* AppDelegate.h */,
				52A3E6DC1B088B9D00B39606 /* AppDelegate.m */,
				52A3E6DE1B088B9D00B39606 /* ViewController.h */,
				52A3E6DF1B088B9D00B39606 /* ViewController.m */,
				52A3E6FD1B088BE900B39606 /* JBTableView */,
				52A3E6E11B088B9D00B39606 /* Main.storyboard */,
				52A3E6E41B088B9D00B39606 /* Images.xcassets */,
				52A3E6E61B088B9D00B39606 /* LaunchScreen.xib */,
				52A3E6D71B088B9D00B39606 /* Supporting Files */,
			);
			path = JBTableView;
			sourceTree = "<group>";
		};
		52A3E6D71B088B9D00B39606 /* Supporting Files */ = {
			isa = PBXGroup;
			children = (
				52A3E6D81B088B9D00B39606 /* Info.plist */,
				52A3E6D91B088B9D00B39606 /* main.m */,
			);
			name = "Supporting Files";
			sourceTree = "<group>";
		};
		52A3E6F01B088B9D00B39606 /* JBTableViewTests */ = {
			isa = PBXGroup;
			children = (
				52A3E6F31B088B9D00B39606 /* JBTableViewTests.m */,
				52A3E6F11B088B9D00B39606 /* Supporting Files */,
			);
			path = JBTableViewTests;
			sourceTree = "<group>";
		};
		52A3E6F11B088B9D00B39606 /* Supporting Files */ = {
			isa = PBXGroup;
			children = (
				52A3E6F21B088B9D00B39606 /* Info.plist */,
			);
			name = "Supporting Files";
			sourceTree = "<group>";
		};
		52A3E6FD1B088BE900B39606 /* JBTableView */ = {
			isa = PBXGroup;
			children = (
				52A3E7041B088C8B00B39606 /* JBSupplementaryView.h */,
				52A3E7051B088C8B00B39606 /* JBSupplementaryView.m */,
				52A3E7071B088D5F00B39606 /* JBTableView.h */,
				52A3E7081B088D5F00B39606 /* JBTableView.m */,
			);
			path = JBTableView;
			sourceTree = "<group>";
		};
/* End PBXGroup section */

/* Begin PBXNativeTarget section */
		52A3E6D31B088B9C00B39606 /* JBTableView */ = {
			isa = PBXNativeTarget;
			buildConfigurationList = 52A3E6F71B088B9D00B39606 /* Build configuration list for PBXNativeTarget "JBTableView" */;
			buildPhases = (
				52A3E6D01B088B9C00B39606 /* Sources */,
				52A3E6D11B088B9C00B39606 /* Frameworks */,
				52A3E6D21B088B9C00B39606 /* Resources */,
			);
			buildRules = (
			);
			dependencies = (
			);
			name = JBTableView;
			productName = JBTableView;
			productReference = 52A3E6D41B088B9C00B39606 /* JBTableView.app */;
			productType = "com.apple.product-type.application";
		};
		52A3E6EC1B088B9D00B39606 /* JBTableViewTests */ = {
			isa = PBXNativeTarget;
			buildConfigurationList = 52A3E6FA1B088B9D00B39606 /* Build configuration list for PBXNativeTarget "JBTableViewTests" */;
			buildPhases = (
				52A3E6E91B088B9D00B39606 /* Sources */,
				52A3E6EA1B088B9D00B39606 /* Frameworks */,
				52A3E6EB1B088B9D00B39606 /* Resources */,
			);
			buildRules = (
			);
			dependencies = (
				52A3E6EF1B088B9D00B39606 /* PBXTargetDependency */,
			);
			name = JBTableViewTests;
			productName = JBTableViewTests;
			productReference = 52A3E6ED1B088B9D00B39606 /* JBTableViewTests.xctest */;
			productType = "com.apple.product-type.bundle.unit-test";
		};
/* End PBXNativeTarget section */

/* Begin PBXProject section */
		52A3E6CC1B088B9C00B39606 /* Project object */ = {
			isa = PBXProject;
			attributes = {
				LastUpgradeCheck = 0630;
				ORGANIZATIONNAME = xjb;
				TargetAttributes = {
					52A3E6D31B088B9C00B39606 = {
						CreatedOnToolsVersion = 6.3.1;
					};
					52A3E6EC1B088B9D00B39606 = {
						CreatedOnToolsVersion = 6.3.1;
						TestTargetID = 52A3E6D31B088B9C00B39606;
					};
				};
			};
			buildConfigurationList = 52A3E6CF1B088B9C00B39606 /* Build configuration list for PBXProject "JBTableView" */;
			compatibilityVersion = "Xcode 3.2";
			developmentRegion = English;
			hasScannedForEncodings = 0;
			knownRegions = (
				en,
				Base,
			);
			mainGroup = 52A3E6CB1B088B9C00B39606;
			productRefGroup = 52A3E6D51B088B9C00B39606 /* Products */;
			projectDirPath = "";
			projectRoot = "";
			targets = (
				52A3E6D31B088B9C00B39606 /* JBTableView */,
				52A3E6EC1B088B9D00B39606 /* JBTableViewTests */,
			);
		};
/* End PBXProject section */

/* Begin PBXResourcesBuildPhase section */
		52A3E6D21B088B9C00B39606 /* Resources */ = {
			isa = PBXResourcesBuildPhase;
			buildActionMask = 2147483647;
			files = (
				52A3E6E31B088B9D00B39606 /* Main.storyboard in Resources */,
				52A3E6E81B088B9D00B39606 /* LaunchScreen.xib in Resources */,
				52A3E6E51B088B9D00B39606 /* Images.xcassets in Resources */,
			);
			runOnlyForDeploymentPostprocessing = 0;
		};
		52A3E6EB1B088B9D00B39606 /* Resources */ = {
			isa = PBXResourcesBuildPhase;
			buildActionMask = 2147483647;
			files = (
			);
			runOnlyForDeploymentPostprocessing = 0;
		};
/* End PBXResourcesBuildPhase section */

/* Begin PBXSourcesBuildPhase section */
		52A3E6D01B088B9C00B39606 /* Sources */ = {
			isa = PBXSourcesBuildPhase;
			buildActionMask = 2147483647;
			files = (
				52A3E7061B088C8B00B39606 /* JBSupplementaryView.m in Sources */,
				52A3E6E01B088B9D00B39606 /* ViewController.m in Sources */,
				52A3E6DD1B088B9D00B39606 /* AppDelegate.m in Sources */,
				52A3E6DA1B088B9D00B39606 /* main.m in Sources */,
				52A3E7091B088D5F00B39606 /* JBTableView.m in Sources */,
			);
			runOnlyForDeploymentPostprocessing = 0;
		};
		52A3E6E91B088B9D00B39606 /* Sources */ = {
			isa = PBXSourcesBuildPhase;
			buildActionMask = 2147483647;
			files = (
				52A3E6F41B088B9D00B39606 /* JBTableViewTests.m in Sources */,
			);
			runOnlyForDeploymentPostprocessing = 0;
		};
/* End PBXSourcesBuildPhase section */

/* Begin PBXTargetDependency section */
		52A3E6EF1B088B9D00B39606 /* PBXTargetDependency */ = {
			isa = PBXTargetDependency;
			target = 52A3E6D31B088B9C00B39606 /* JBTableView */;
			targetProxy = 52A3E6EE1B088B9D00B39606 /* PBXContainerItemProxy */;
		};
/* End PBXTargetDependency section */

/* Begin PBXVariantGroup section */
		52A3E6E11B088B9D00B39606 /* Main.storyboard */ = {
			isa = PBXVariantGroup;
			children = (
				52A3E6E21B088B9D00B39606 /* Base */,
			);
			name = Main.storyboard;
			sourceTree = "<group>";
		};
		52A3E6E61B088B9D00B39606 /* LaunchScreen.xib */ = {
			isa = PBXVariantGroup;
			children = (
				52A3E6E71B088B9D00B39606 /* Base */,
			);
			name = LaunchScreen.xib;
			sourceTree = "<group>";
		};
/* End PBXVariantGroup section */

/* Begin XCBuildConfiguration section */
		52A3E6F51B088B9D00B39606 /* Debug */ = {
			isa = XCBuildConfiguration;
			buildSettings = {
				ALWAYS_SEARCH_USER_PATHS = NO;
				CLANG_CXX_LANGUAGE_STANDARD = "gnu++0x";
				CLANG_CXX_LIBRARY = "libc++";
				CLANG_ENABLE_MODULES = YES;
				CLANG_ENABLE_OBJC_ARC = YES;
				CLANG_WARN_BOOL_CONVERSION = YES;
				CLANG_WARN_CONSTANT_CONVERSION = YES;
				CLANG_WARN_DIRECT_OBJC_ISA_USAGE = YES_ERROR;
				CLANG_WARN_EMPTY_BODY = YES;
				CLANG_WARN_ENUM_CONVERSION = YES;
				CLANG_WARN_INT_CONVERSION = YES;
				CLANG_WARN_OBJC_ROOT_CLASS = YES_ERROR;
				CLANG_WARN_UNREACHABLE_CODE = YES;
				CLANG_WARN__DUPLICATE_METHOD_MATCH = YES;
				"CODE_SIGN_IDENTITY[sdk=iphoneos*]" = "iPhone Developer";
				COPY_PHASE_STRIP = NO;
				DEBUG_INFORMATION_FORMAT = "dwarf-with-dsym";
				ENABLE_STRICT_OBJC_MSGSEND = YES;
				GCC_C_LANGUAGE_STANDARD = gnu99;
				GCC_DYNAMIC_NO_PIC = NO;
				GCC_NO_COMMON_BLOCKS = YES;
				GCC_OPTIMIZATION_LEVEL = 0;
				GCC_PREPROCESSOR_DEFINITIONS = (
					"DEBUG=1",
					"$(inherited)",
				);
				GCC_SYMBOLS_PRIVATE_EXTERN = NO;
				GCC_WARN_64_TO_32_BIT_CONVERSION = YES;
				GCC_WARN_ABOUT_RETURN_TYPE = YES_ERROR;
				GCC_WARN_UNDECLARED_SELECTOR = YES;
				GCC_WARN_UNINITIALIZED_AUTOS = YES_AGGRESSIVE;
				GCC_WARN_UNUSED_FUNCTION = YES;
				GCC_WARN_UNUSED_VARIABLE = YES;
				IPHONEOS_DEPLOYMENT_TARGET = 8.3;
				MTL_ENABLE_DEBUG_INFO = YES;
				ONLY_ACTIVE_ARCH = YES;
				SDKROOT = iphoneos;
			};
			name = Debug;
		};
		52A3E6F61B088B9D00B39606 /* Release */ = {
			isa = XCBuildConfiguration;
			buildSettings = {
				ALWAYS_SEARCH_USER_PATHS = NO;
				CLANG_CXX_LANGUAGE_STANDARD = "gnu++0x";
				CLANG_CXX_LIBRARY = "libc++";
				CLANG_ENABLE_MODULES = YES;
				CLANG_ENABLE_OBJC_ARC = YES;
				CLANG_WARN_BOOL_CONVERSION = YES;
				CLANG_WARN_CONSTANT_CONVERSION = YES;
				CLANG_WARN_DIRECT_OBJC_ISA_USAGE = YES_ERROR;
				CLANG_WARN_EMPTY_BODY = YES;
				CLANG_WARN_ENUM_CONVERSION = YES;
				CLANG_WARN_INT_CONVERSION = YES;
				CLANG_WARN_OBJC_ROOT_CLASS = YES_ERROR;
				CLANG_WARN_UNREACHABLE_CODE = YES;
				CLANG_WARN__DUPLICATE_METHOD_MATCH = YES;
				"CODE_SIGN_IDENTITY[sdk=iphoneos*]" = "iPhone Developer";
				COPY_PHASE_STRIP = NO;
				DEBUG_INFORMATION_FORMAT = "dwarf-with-dsym";
				ENABLE_NS_ASSERTIONS = NO;
				ENABLE_STRICT_OBJC_MSGSEND = YES;
				GCC_C_LANGUAGE_STANDARD = gnu99;
				GCC_NO_COMMON_BLOCKS = YES;
				GCC_WARN_64_TO_32_BIT_CONVERSION = YES;
				GCC_WARN_ABOUT_RETURN_TYPE = YES_ERROR;
				GCC_WARN_UNDECLARED_SELECTOR = YES;
				GCC_WARN_UNINITIALIZED_AUTOS = YES_AGGRESSIVE;
				GCC_WARN_UNUSED_FUNCTION = YES;
				GCC_WARN_UNUSED_VARIABLE = YES;
				IPHONEOS_DEPLOYMENT_TARGET = 8.3;
				MTL_ENABLE_DEBUG_INFO = NO;
				SDKROOT = iphoneos;
				VALIDATE_PRODUCT = YES;
			};
			name = Release;
		};
		52A3E6F81B088B9D00B39606 /* Debug */ = {
			isa = XCBuildConfiguration;
			buildSettings = {
				ASSETCATALOG_COMPILER_APPICON_NAME = AppIcon;
				INFOPLIST_FILE = JBTableView/Info.plist;
				LD_RUNPATH_SEARCH_PATHS = "$(inherited) @executable_path/Frameworks";
				PRODUCT_NAME = "$(TARGET_NAME)";
			};
			name = Debug;
		};
		52A3E6F91B088B9D00B39606 /* Release */ = {
			isa = XCBuildConfiguration;
			buildSettings = {
				ASSETCATALOG_COMPILER_APPICON_NAME = AppIcon;
				INFOPLIST_FILE = JBTableView/Info.plist;
				LD_RUNPATH_SEARCH_PATHS = "$(inherited) @executable_path/Frameworks";
				PRODUCT_NAME = "$(TARGET_NAME)";
			};
			name = Release;
		};
		52A3E6FB1B088B9D00B39606 /* Debug */ = {
			isa = XCBuildConfiguration;
			buildSettings = {
				BUNDLE_LOADER = "$(TEST_HOST)";
				FRAMEWORK_SEARCH_PATHS = (
					"$(SDKROOT)/Developer/Library/Frameworks",
					"$(inherited)",
				);
				GCC_PREPROCESSOR_DEFINITIONS = (
					"DEBUG=1",
					"$(inherited)",
				);
				INFOPLIST_FILE = JBTableViewTests/Info.plist;
				LD_RUNPATH_SEARCH_PATHS = "$(inherited) @executable_path/Frameworks @loader_path/Frameworks";
				PRODUCT_NAME = "$(TARGET_NAME)";
				TEST_HOST = "$(BUILT_PRODUCTS_DIR)/JBTableView.app/JBTableView";
			};
			name = Debug;
		};
		52A3E6FC1B088B9D00B39606 /* Release */ = {
			isa = XCBuildConfiguration;
			buildSettings = {
				BUNDLE_LOADER = "$(TEST_HOST)";
				FRAMEWORK_SEARCH_PATHS = (
					"$(SDKROOT)/Developer/Library/Frameworks",
					"$(inherited)",
				);
				INFOPLIST_FILE = JBTableViewTests/Info.plist;
				LD_RUNPATH_SEARCH_PATHS = "$(inherited) @executable_path/Frameworks @loader_path/Frameworks";
				PRODUCT_NAME = "$(TARGET_NAME)";
				TEST_HOST = "$(BUILT_PRODUCTS_DIR)/JBTableView.app/JBTableView";
			};
			name = Release;
		};
/* End XCBuildConfiguration section */

/* Begin XCConfigurationList section */
		52A3E6CF1B088B9C00B39606 /* Build configuration list for PBXProject "JBTableView" */ = {
			isa = XCConfigurationList;
			buildConfigurations = (
				52A3E6F51B088B9D00B39606 /* Debug */,
				52A3E6F61B088B9D00B39606 /* Release */,
			);
			defaultConfigurationIsVisible = 0;
			defaultConfigurationName = Release;
		};
		52A3E6F71B088B9D00B39606 /* Build configuration list for PBXNativeTarget "JBTableView" */ = {
			isa = XCConfigurationList;
			buildConfigurations = (
				52A3E6F81B088B9D00B39606 /* Debug */,
				52A3E6F91B088B9D00B39606 /* Release */,
			);
			defaultConfigurationIsVisible = 0;
		};
		52A3E6FA1B088B9D00B39606 /* Build configuration list for PBXNativeTarget "JBTableViewTests" */ = {
			isa = XCConfigurationList;
			buildConfigurations = (
				52A3E6FB1B088B9D00B39606 /* Debug */,
				52A3E6FC1B088B9D00B39606 /* Release */,
			);
			defaultConfigurationIsVisible = 0;
		};
/* End XCConfigurationList section */
	};
	rootObject = 52A3E6CC1B088B9C00B39606 /* Project object */;
}
